
Microsoft Visual Studio Solution File, Format Version 12.00
# Visual Studio 15
VisualStudioVersion = 15.0.28307.489
MinimumVisualStudioVersion = 10.0.40219.1
Project("{FAE04EC0-301F-11D3-BF4B-00C04F79EFBC}") = "deliverable2", "deliverable2\deliverable2.csproj", "{BAE145F4-8B96-467A-925C-CF0D1491A9DA}"
EndProject
Global
	GlobalSection(SolutionConfigurationPlatforms) = preSolution
		Debug|Any CPU = Debug|Any CPU
		Release|Any CPU = Release|Any CPU
	EndGlobalSection
	GlobalSection(ProjectConfigurationPlatforms) = postSolution
		{BAE145F4-8B96-467A-925C-CF0D1491A9DA}.Debug|Any CPU.ActiveCfg = Debug|Any CPU
		{BAE145F4-8B96-467A-925C-CF0D1491A9DA}.Debug|Any CPU.Build.0 = Debug|Any CPU
		{BAE145F4-8B96-467A-925C-CF0D1491A9DA}.Release|Any CPU.ActiveCfg = Release|Any CPU
		{BAE145F4-8B96-467A-925C-CF0D1491A9DA}.Release|Any CPU.Build.0 = Release|Any CPU
	EndGlobalSection
	GlobalSection(SolutionProperties) = preSolution
		HideSolutionNode = FALSE
	EndGlobalSection
	GlobalSection(ExtensibilityGlobals) = postSolution
		SolutionGuid = {9DBED43A-1354-460B-9361-1A3B7DBA057B}
	EndGlobalSection
EndGlobal
